Microsoft Visual Studio Solution File, Format Version 12.00
# Visual Studio Version 17
VisualStudioVersion = 17.5.2.0
MinimumVisualStudioVersion = 10.0.40219.1
Project("{FAE04EC0-301F-11D3-BF4B-00C04F79EFBC}") = "azure_functions", "azure_functions.csproj", "{CF438A7D-C0D6-2158-1198-0CB54F382F1A}"
EndProject
Global
	GlobalSection(SolutionConfigurationPlatforms) = preSolution
		Debug|Any CPU = Debug|Any CPU
		Release|Any CPU = Release|Any CPU
	EndGlobalSection
	GlobalSection(ProjectConfigurationPlatforms) = postSolution
		{CF438A7D-C0D6-2158-1198-0CB54F382F1A}.Debug|Any CPU.ActiveCfg = Debug|Any CPU
		{CF438A7D-C0D6-2158-1198-0CB54F382F1A}.Debug|Any CPU.Build.0 = Debug|Any CPU
		{CF438A7D-C0D6-2158-1198-0CB54F382F1A}.Release|Any CPU.ActiveCfg = Release|Any CPU
		{CF438A7D-C0D6-2158-1198-0CB54F382F1A}.Release|Any CPU.Build.0 = Release|Any CPU
	EndGlobalSection
	GlobalSection(SolutionProperties) = preSolution
		HideSolutionNode = FALSE
	EndGlobalSection
	GlobalSection(ExtensibilityGlobals) = postSolution
		SolutionGuid = {9CF27152-7AB1-4571-8E23-85988FED2ED0}
	EndGlobalSection
EndGlobal
